
Microsoft Visual Studio Solution File, Format Version 12.00
# Visual Studio Version 16
VisualStudioVersion = 16.0.28803.202
MinimumVisualStudioVersion = 10.0.40219.1
Project("{FAE04EC0-301F-11D3-BF4B-00C04F79EFBC}") = "ComicBookGallery", "ComicBookGallery\ComicBookGallery.csproj", "{60F69DBB-8E7D-4BC0-AB18-1FC5E29A63FD}"
EndProject
Global
	GlobalSection(SolutionConfigurationPlatforms) = preSolution
		Debug|Any CPU = Debug|Any CPU
		Release|Any CPU = Release|Any CPU
	EndGlobalSection
	GlobalSection(ProjectConfigurationPlatforms) = postSolution
		{60F69DBB-8E7D-4BC0-AB18-1FC5E29A63FD}.Debug|Any CPU.ActiveCfg = Debug|Any CPU
		{60F69DBB-8E7D-4BC0-AB18-1FC5E29A63FD}.Debug|Any CPU.Build.0 = Debug|Any CPU
		{60F69DBB-8E7D-4BC0-AB18-1FC5E29A63FD}.Release|Any CPU.ActiveCfg = Release|Any CPU
		{60F69DBB-8E7D-4BC0-AB18-1FC5E29A63FD}.Release|Any CPU.Build.0 = Release|Any CPU
	EndGlobalSection
	GlobalSection(SolutionProperties) = preSolution
		HideSolutionNode = FALSE
	EndGlobalSection
	GlobalSection(ExtensibilityGlobals) = postSolution
		SolutionGuid = {C0F0C2AD-ECF2-410F-ADC7-ACF8F62F54E6}
	EndGlobalSection
EndGlobal
